
Microsoft Visual Studio Solution File, Format Version 12.00
# Visual Studio 2013
VisualStudioVersion = 12.0.31101.0
MinimumVisualStudioVersion = 10.0.40219.1
Project("{00D1A9C2-B5F0-4AF3-8072-F6C62B433612}") = "PropertyMe.Database", "PropertyMe.Database\PropertyMe.Database.sqlproj", "{585D7667-2019-43BB-99DA-357F19ECA635}"
EndProject
Project("{E24C65DC-7377-472B-9ABA-BC803B73C61A}") = "PropertyMe.UI", "http://localhost:11337", "{56087EEA-8ACF-4CF0-9C48-467EFB8A7360}"
	ProjectSection(WebsiteProperties) = preProject
		UseIISExpress = "true"
		TargetFrameworkMoniker = ".NETFramework,Version%3Dv4.0"
		Debug.AspNetCompiler.VirtualPath = "/localhost_11337"
		Debug.AspNetCompiler.PhysicalPath = "PropertyMe.UI\"
		Debug.AspNetCompiler.TargetPath = "PrecompiledWeb\localhost_11337\"
		Debug.AspNetCompiler.Updateable = "true"
		Debug.AspNetCompiler.ForceOverwrite = "true"
		Debug.AspNetCompiler.FixedNames = "false"
		Debug.AspNetCompiler.Debug = "True"
		Release.AspNetCompiler.VirtualPath = "/localhost_11337"
		Release.AspNetCompiler.PhysicalPath = "PropertyMe.UI\"
		Release.AspNetCompiler.TargetPath = "PrecompiledWeb\localhost_11337\"
		Release.AspNetCompiler.Updateable = "true"
		Release.AspNetCompiler.ForceOverwrite = "true"
		Release.AspNetCompiler.FixedNames = "false"
		Release.AspNetCompiler.Debug = "False"
		SlnRelativePath = "PropertyMe.UI\"
	EndProjectSection
EndProject
Project("{FAE04EC0-301F-11D3-BF4B-00C04F79EFBC}") = "People365.WCF", "People365.WCF\People365.WCF.csproj", "{DDA98204-D8BA-4F31-AD4E-EA0BCEBB3BDE}"
EndProject
Project("{FAE04EC0-301F-11D3-BF4B-00C04F79EFBC}") = "ConsoleApplication1", "ConsoleApplication1\ConsoleApplication1.csproj", "{E2E6E33A-980D-4FBA-877A-6343970E1F4C}"
	ProjectSection(ProjectDependencies) = postProject
		{DDA98204-D8BA-4F31-AD4E-EA0BCEBB3BDE} = {DDA98204-D8BA-4F31-AD4E-EA0BCEBB3BDE}
	EndProjectSection
EndProject
Global
	GlobalSection(SolutionConfigurationPlatforms) = preSolution
		Debug|Any CPU = Debug|Any CPU
		Release|Any CPU = Release|Any CPU
	EndGlobalSection
	GlobalSection(ProjectConfigurationPlatforms) = postSolution
		{585D7667-2019-43BB-99DA-357F19ECA635}.Debug|Any CPU.ActiveCfg = Debug|Any CPU
		{585D7667-2019-43BB-99DA-357F19ECA635}.Debug|Any CPU.Build.0 = Debug|Any CPU
		{585D7667-2019-43BB-99DA-357F19ECA635}.Release|Any CPU.ActiveCfg = Release|Any CPU
		{585D7667-2019-43BB-99DA-357F19ECA635}.Release|Any CPU.Build.0 = Release|Any CPU
		{56087EEA-8ACF-4CF0-9C48-467EFB8A7360}.Debug|Any CPU.ActiveCfg = Debug|Any CPU
		{56087EEA-8ACF-4CF0-9C48-467EFB8A7360}.Debug|Any CPU.Build.0 = Debug|Any CPU
		{56087EEA-8ACF-4CF0-9C48-467EFB8A7360}.Release|Any CPU.ActiveCfg = Debug|Any CPU
		{DDA98204-D8BA-4F31-AD4E-EA0BCEBB3BDE}.Debug|Any CPU.ActiveCfg = Debug|Any CPU
		{DDA98204-D8BA-4F31-AD4E-EA0BCEBB3BDE}.Debug|Any CPU.Build.0 = Debug|Any CPU
		{DDA98204-D8BA-4F31-AD4E-EA0BCEBB3BDE}.Release|Any CPU.ActiveCfg = Release|Any CPU
		{DDA98204-D8BA-4F31-AD4E-EA0BCEBB3BDE}.Release|Any CPU.Build.0 = Release|Any CPU
		{E2E6E33A-980D-4FBA-877A-6343970E1F4C}.Debug|Any CPU.ActiveCfg = Debug|Any CPU
		{E2E6E33A-980D-4FBA-877A-6343970E1F4C}.Debug|Any CPU.Build.0 = Debug|Any CPU
		{E2E6E33A-980D-4FBA-877A-6343970E1F4C}.Release|Any CPU.ActiveCfg = Release|Any CPU
		{E2E6E33A-980D-4FBA-877A-6343970E1F4C}.Release|Any CPU.Build.0 = Release|Any CPU
	EndGlobalSection
	GlobalSection(SolutionProperties) = preSolution
		HideSolutionNode = FALSE
	EndGlobalSection
EndGlobal
